<?xml version="1.0" encoding="utf-8"?>
<Project ToolsVersion="4.0" xmlns="http://schemas.microsoft.com/developer/msbuild/2003">
  <ItemGroup>
    <Filter Include="Source Files">
      <UniqueIdentifier>{4FC737F1-C7A5-4376-A066-2A32D752A2FF}</UniqueIdentifier>
      <Extensions>cpp;c;cc;cxx;c++;cppm;ixx;def;odl;idl;hpj;bat;asm;asmx</Extensions>
    </Filter>
    <Filter Include="Header Files">
      <UniqueIdentifier>{93995380-89BD-4b04-88EB-625FBE52EBFB}</UniqueIdentifier>
      <Extensions>h;hh;hpp;hxx;h++;hm;inl;inc;ipp;xsd</Extensions>
    </Filter>
    <Filter Include="Resource Files">
      <UniqueIdentifier>{67DA6AB6-F800-4c08-8B7A-83BB121AAD01}</UniqueIdentifier>
      <Extensions>rc;ico;cur;bmp;dlg;rc2;rct;bin;rgs;gif;jpg;jpeg;jpe;resx;tiff;tif;png;wav;mfcribbon-ms</Extensions>
    </Filter>
    <Filter Include="Source Files\GameObj">
      <UniqueIdentifier>{97e3a74f-4848-4bb4-b35a-198aa6f7daf7}</UniqueIdentifier>
    </Filter>
    <Filter Include="Source Files\GameObj\Base">
      <UniqueIdentifier>{a1b54224-42db-4b33-8c46-4869a15eebe7}</UniqueIdentifier>
    </Filter>
    <Filter Include="Source Files\Scenes">
      <UniqueIdentifier>{ff86bd07-3815-4e2c-8486-75921914fccb}</UniqueIdentifier>
    </Filter>
    <Filter Include="Source Files\Scenes\Base">
      <UniqueIdentifier>{82372e3a-221e-4949-b2f1-25ec2d00ceda}</UniqueIdentifier>
    </Filter>
    <Filter Include="Source Files\Scenes\Concrete Scenes">
      <UniqueIdentifier>{79565011-8f25-4746-acb8-ef0e825a101d}</UniqueIdentifier>
    </Filter>
    <Filter Include="Source Files\Camera">
      <UniqueIdentifier>{2cac610e-7749-48ee-9cc0-60375396d3e8}</UniqueIdentifier>
    </Filter>
    <Filter Include="Source Files\State">
      <UniqueIdentifier>{62fbd86c-7902-4455-bc8d-3e5298c2e31d}</UniqueIdentifier>
    </Filter>
    <Filter Include="Source Files\State\Base">
      <UniqueIdentifier>{d514ee17-5f7d-4a43-a6d0-cf52611011fc}</UniqueIdentifier>
    </Filter>
    <Filter Include="Source Files\State\Concrete States">
      <UniqueIdentifier>{df5d7528-dd7e-4b99-9244-f1c97ba3f8b8}</UniqueIdentifier>
    </Filter>
    <Filter Include="Source Files\State\Concrete States\Fighter">
      <UniqueIdentifier>{7c76e2d5-0162-4cb6-8e2f-f13840a34f19}</UniqueIdentifier>
    </Filter>
    <Filter Include="Source Files\Animation">
      <UniqueIdentifier>{48ce50f8-b65b-42b0-b79e-6232cdc28a75}</UniqueIdentifier>
    </Filter>
    <Filter Include="Source Files\GameObj\Concrete Groups">
      <UniqueIdentifier>{380ae61c-d9b1-42da-80e4-1fe2b14f1400}</UniqueIdentifier>
    </Filter>
    <Filter Include="Source Files\State\Concrete States\Background">
      <UniqueIdentifier>{e9bc8b0d-d93a-44bb-a598-dd45318ea197}</UniqueIdentifier>
    </Filter>
    <Filter Include="Source Files\Input">
      <UniqueIdentifier>{dedc8be1-62cc-41a3-aff8-4278ce370f08}</UniqueIdentifier>
    </Filter>
    <Filter Include="Source Files\Settings">
      <UniqueIdentifier>{b23c14bb-9e57-43e7-939e-a7e5a1329e85}</UniqueIdentifier>
    </Filter>
    <Filter Include="Source Files\Collider">
      <UniqueIdentifier>{36b7f1bd-feeb-4d18-a69e-ffac0144c4f3}</UniqueIdentifier>
    </Filter>
    <Filter Include="Source Files\SpriteLoader">
      <UniqueIdentifier>{0144d7e1-11d3-47ab-bafe-398005e1db81}</UniqueIdentifier>
    </Filter>
    <Filter Include="Source Files\Renderer">
      <UniqueIdentifier>{2758f219-0648-4409-a634-18c29d03706d}</UniqueIdentifier>
    </Filter>
  </ItemGroup>
  <ItemGroup>
    <ClCompile Include="main.cpp">
      <Filter>Source Files</Filter>
    </ClCompile>
    <ClCompile Include="AnimationController.cpp">
      <Filter>Source Files\Animation</Filter>
    </ClCompile>
    <ClCompile Include="Camera.cpp">
      <Filter>Source Files\Camera</Filter>
    </ClCompile>
    <ClCompile Include="GameObj.cpp">
      <Filter>Source Files\GameObj\Base</Filter>
    </ClCompile>
    <ClCompile Include="Background.cpp">
      <Filter>Source Files\GameObj\Concrete Groups</Filter>
    </ClCompile>
    <ClCompile Include="Fighters.cpp">
      <Filter>Source Files\GameObj\Concrete Groups</Filter>
    </ClCompile>
    <ClCompile Include="StateController.cpp">
      <Filter>Source Files\State\Base</Filter>
    </ClCompile>
    <ClCompile Include="FightScene.cpp">
      <Filter>Source Files\Scenes\Concrete Scenes</Filter>
    </ClCompile>
    <ClCompile Include="Scene.cpp">
      <Filter>Source Files\Scenes\Base</Filter>
    </ClCompile>
    <ClCompile Include="SceneController.cpp">
      <Filter>Source Files\Scenes\Base</Filter>
    </ClCompile>
    <ClCompile Include="SpriteLoader.cpp">
      <Filter>Source Files\SpriteLoader</Filter>
    </ClCompile>
  </ItemGroup>
  <ItemGroup>
    <ClInclude Include="Game.h">
      <Filter>Source Files</Filter>
    </ClInclude>
    <ClInclude Include="Timer.h">
      <Filter>Source Files</Filter>
    </ClInclude>
    <ClInclude Include="SceneType.h">
      <Filter>Source Files</Filter>
    </ClInclude>
    <ClInclude Include="GameData.h">
      <Filter>Source Files</Filter>
    </ClInclude>
    <ClInclude Include="Fighters.h">
      <Filter>Source Files\GameObj\Concrete Groups</Filter>
    </ClInclude>
    <ClInclude Include="GameObj.h">
      <Filter>Source Files\GameObj\Base</Filter>
    </ClInclude>
    <ClInclude Include="ObjData.h">
      <Filter>Source Files\GameObj\Base</Filter>
    </ClInclude>
    <ClInclude Include="Scene.h">
      <Filter>Source Files\Scenes\Base</Filter>
    </ClInclude>
    <ClInclude Include="FightScene.h">
      <Filter>Source Files\Scenes\Concrete Scenes</Filter>
    </ClInclude>
    <ClInclude Include="Camera.h">
      <Filter>Source Files\Camera</Filter>
    </ClInclude>
    <ClInclude Include="OffsetType.h">
      <Filter>Source Files</Filter>
    </ClInclude>
    <ClInclude Include="RelativeVector.h">
      <Filter>Source Files</Filter>
    </ClInclude>
    <ClInclude Include="State.h">
      <Filter>Source Files\State\Base</Filter>
    </ClInclude>
    <ClInclude Include="StateController.h">
      <Filter>Source Files\State\Base</Filter>
    </ClInclude>
    <ClInclude Include="Fighter_0_Idle.h">
      <Filter>Source Files\State\Concrete States\Fighter</Filter>
    </ClInclude>
    <ClInclude Include="Fighter_1_Idle.h">
      <Filter>Source Files\State\Concrete States\Fighter</Filter>
    </ClInclude>
    <ClInclude Include="AnimationController.h">
      <Filter>Source Files\Animation</Filter>
    </ClInclude>
    <ClInclude Include="AnimationSpecs.h">
      <Filter>Source Files\Animation</Filter>
    </ClInclude>
    <ClInclude Include="AnimationStatus.h">
      <Filter>Source Files\Animation</Filter>
    </ClInclude>
    <ClInclude Include="SceneController.h">
      <Filter>Source Files\Scenes\Base</Filter>
    </ClInclude>
    <ClInclude Include="olcPixelGameEngine.h">
      <Filter>Source Files</Filter>
    </ClInclude>
    <ClInclude Include="ObjGroup.h">
      <Filter>Source Files\GameObj\Base</Filter>
    </ClInclude>
    <ClInclude Include="Background.h">
      <Filter>Source Files\GameObj\Concrete Groups</Filter>
    </ClInclude>
    <ClInclude Include="Background_Idle_Trees.h">
      <Filter>Source Files\State\Concrete States\Background</Filter>
    </ClInclude>
    <ClInclude Include="Background_Idle_Mountains.h">
      <Filter>Source Files\State\Concrete States\Background</Filter>
    </ClInclude>
    <ClInclude Include="CreationCount.h">
      <Filter>Source Files\GameObj\Base</Filter>
    </ClInclude>
    <ClInclude Include="Background_Idle_Sun.h">
      <Filter>Source Files\State\Concrete States\Background</Filter>
    </ClInclude>
    <ClInclude Include="Fighter_0_WalkForward.h">
      <Filter>Source Files\State\Concrete States\Fighter</Filter>
    </ClInclude>
    <ClInclude Include="Fighter_0_Jab.h">
      <Filter>Source Files\State\Concrete States\Fighter</Filter>
    </ClInclude>
    <ClInclude Include="HitBoxEditorScene.h">
      <Filter>Source Files\Scenes\Concrete Scenes</Filter>
    </ClInclude>
    <ClInclude Include="Input.h">
      <Filter>Source Files\Input</Filter>
    </ClInclude>
    <ClInclude Include="Key.h">
      <Filter>Source Files\Input</Filter>
    </ClInclude>
    <ClInclude Include="KeyType.h">
      <Filter>Source Files\Input</Filter>
    </ClInclude>
    <ClInclude Include="GameSettings.h">
      <Filter>Source Files\Settings</Filter>
    </ClInclude>
    <ClInclude Include="DevSettings.h">
      <Filter>Source Files\Settings</Filter>
    </ClInclude>
    <ClInclude Include="UIElement.h">
      <Filter>Source Files</Filter>
    </ClInclude>
    <ClInclude Include="BoxCollider.h">
      <Filter>Source Files\Collider</Filter>
    </ClInclude>
    <ClInclude Include="BodyType.h">
      <Filter>Source Files\Collider</Filter>
    </ClInclude>
    <ClInclude Include="TargetBodyType.h">
      <Filter>Source Files</Filter>
    </ClInclude>
    <ClInclude Include="StringNotification.h">
      <Filter>Source Files</Filter>
    </ClInclude>
    <ClInclude Include="SpriteLoader.h">
      <Filter>Source Files\SpriteLoader</Filter>
    </ClInclude>
    <ClInclude Include="SpriteType.h">
      <Filter>Source Files\SpriteLoader</Filter>
    </ClInclude>
    <ClInclude Include="ColliderLoader.h">
      <Filter>Source Files\Collider</Filter>
    </ClInclude>
    <ClInclude Include="Fighter_0_WalkBack.h">
      <Filter>Source Files\State\Concrete States\Fighter</Filter>
    </ClInclude>
    <ClInclude Include="PlayerType.h">
      <Filter>Source Files\GameObj\Base</Filter>
    </ClInclude>
    <ClInclude Include="PlayerInput.h">
      <Filter>Source Files\Input</Filter>
    </ClInclude>
    <ClInclude Include="Directions.h">
      <Filter>Source Files\Input</Filter>
    </ClInclude>
    <ClInclude Include="DummySelector.h">
      <Filter>Source Files</Filter>
    </ClInclude>
    <ClInclude Include="Renderer.h">
      <Filter>Source Files\Renderer</Filter>
    </ClInclude>
    <ClInclude Include="SheetRenderer.h">
      <Filter>Source Files\Renderer</Filter>
    </ClInclude>
    <ClInclude Include="DebugRenderer.h">
      <Filter>Source Files\Renderer</Filter>
    </ClInclude>
    <ClInclude Include="CollisionCheck.h">
      <Filter>Source Files\Collider</Filter>
    </ClInclude>
  </ItemGroup>
</Project>